
Microsoft Visual Studio Solution File, Format Version 12.00
# Visual Studio Version 16
VisualStudioVersion = 16.0.29519.87
MinimumVisualStudioVersion = 10.0.40219.1
Project("{8BC9CEB8-8B4A-11D0-8D11-00A0C91BC942}") = "LudoGame", "LudoGame\LudoGame.vcxproj", "{3C56FF64-B42C-4636-97F6-DE6F9E4889DB}"
EndProject
Global
	GlobalSection(SolutionConfigurationPlatforms) = preSolution
		Debug|x64 = Debug|x64
		Debug|x86 = Debug|x86
		Release|x64 = Release|x64
		Release|x86 = Release|x86
	EndGlobalSection
	GlobalSection(ProjectConfigurationPlatforms) = postSolution
		{3C56FF64-B42C-4636-97F6-DE6F9E4889DB}.Debug|x64.ActiveCfg = Debug|x64
		{3C56FF64-B42C-4636-97F6-DE6F9E4889DB}.Debug|x64.Build.0 = Debug|x64
		{3C56FF64-B42C-4636-97F6-DE6F9E4889DB}.Debug|x86.ActiveCfg = Debug|Win32
		{3C56FF64-B42C-4636-97F6-DE6F9E4889DB}.Debug|x86.Build.0 = Debug|Win32
		{3C56FF64-B42C-4636-97F6-DE6F9E4889DB}.Release|x64.ActiveCfg = Release|x64
		{3C56FF64-B42C-4636-97F6-DE6F9E4889DB}.Release|x64.Build.0 = Release|x64
		{3C56FF64-B42C-4636-97F6-DE6F9E4889DB}.Release|x86.ActiveCfg = Release|Win32
		{3C56FF64-B42C-4636-97F6-DE6F9E4889DB}.Release|x86.Build.0 = Release|Win32
	EndGlobalSection
	GlobalSection(SolutionProperties) = preSolution
		HideSolutionNode = FALSE
	EndGlobalSection
	GlobalSection(ExtensibilityGlobals) = postSolution
		SolutionGuid = {4D0273A4-CCAC-4EB4-90BB-3007E0539E15}
	EndGlobalSection
EndGlobal
